// !$*UTF8*$!
{
	archiveVersion = 1;
	classes = {
	};
	objectVersion = 46;
	objects = {

/* Begin PBXBuildFile section */
		601E46F51BAE371600343404 /* main.m in Sources */ = {isa = PBXBuildFile; fileRef = 601E46F41BAE371600343404 /* main.m */; };
		601E46F81BAE371600343404 /* AppDelegate.m in Sources */ = {isa = PBXBuildFile; fileRef = 601E46F71BAE371600343404 /* AppDelegate.m */; };
		601E46FB1BAE371600343404 /* ViewController.m in Sources */ = {isa = PBXBuildFile; fileRef = 601E46FA1BAE371600343404 /* ViewController.m */; };
		601E46FE1BAE371600343404 /* Main.storyboard in Resources */ = {isa = PBXBuildFile; fileRef = 601E46FC1BAE371600343404 /* Main.storyboard */; };
		601E47001BAE371600343404 /* Images.xcassets in Resources */ = {isa = PBXBuildFile; fileRef = 601E46FF1BAE371600343404 /* Images.xcassets */; };
		601E47031BAE371600343404 /* LaunchScreen.xib in Resources */ = {isa = PBXBuildFile; fileRef = 601E47011BAE371600343404 /* LaunchScreen.xib */; };
		601E470F1BAE371600343404 /* ejemploConexionTests.m in Sources */ = {isa = PBXBuildFile; fileRef = 601E470E1BAE371600343404 /* ejemploConexionTests.m */; };
/* End PBXBuildFile section */

/* Begin PBXContainerItemProxy section */
		601E47091BAE371600343404 /* PBXContainerItemProxy */ = {
			isa = PBXContainerItemProxy;
			containerPortal = 601E46E71BAE371600343404 /* Project object */;
			proxyType = 1;
			remoteGlobalIDString = 601E46EE1BAE371600343404;
			remoteInfo = ejemploConexion;
		};
/* End PBXContainerItemProxy section */

/* Begin PBXFileReference section */
		601E46EF1BAE371600343404 /* ejemploConexion.app */ = {isa = PBXFileReference; explicitFileType = wrapper.application; includeInIndex = 0; path = ejemploConexion.app; sourceTree = BUILT_PRODUCTS_DIR; };
		601E46F31BAE371600343404 /* Info.plist */ = {isa = PBXFileReference; lastKnownFileType = text.plist.xml; path = Info.plist; sourceTree = "<group>"; };
		601E46F41BAE371600343404 /* main.m */ = {isa = PBXFileReference; lastKnownFileType = sourcecode.c.objc; path = main.m; sourceTree = "<group>"; };
		601E46F61BAE371600343404 /* AppDelegate.h */ = {isa = PBXFileReference; lastKnownFileType = sourcecode.c.h; path = AppDelegate.h; sourceTree = "<group>"; };
		601E46F71BAE371600343404 /* AppDelegate.m */ = {isa = PBXFileReference; lastKnownFileType = sourcecode.c.objc; path = AppDelegate.m; sourceTree = "<group>"; };
		601E46F91BAE371600343404 /* ViewController.h */ = {isa = PBXFileReference; lastKnownFileType = sourcecode.c.h; path = ViewController.h; sourceTree = "<group>"; };
		601E46FA1BAE371600343404 /* ViewController.m */ = {isa = PBXFileReference; lastKnownFileType = sourcecode.c.objc; path = ViewController.m; sourceTree = "<group>"; };
		601E46FD1BAE371600343404 /* Base */ = {isa = PBXFileReference; lastKnownFileType = file.storyboard; name = Base; path = Base.lproj/Main.storyboard; sourceTree = "<group>"; };
		601E46FF1BAE371600343404 /* Images.xcassets */ = {isa = PBXFileReference; lastKnownFileType = folder.assetcatalog; path = Images.xcassets; sourceTree = "<group>"; };
		601E47021BAE371600343404 /* Base */ = {isa = PBXFileReference; lastKnownFileType = file.xib; name = Base; path = Base.lproj/LaunchScreen.xib; sourceTree = "<group>"; };
		601E47081BAE371600343404 /* ejemploConexionTests.xctest */ = {isa = PBXFileReference; explicitFileType = wrapper.cfbundle; includeInIndex = 0; path = ejemploConexionTests.xctest; sourceTree = BUILT_PRODUCTS_DIR; };
		601E470D1BAE371600343404 /* Info.plist */ = {isa = PBXFileReference; lastKnownFileType = text.plist.xml; path = Info.plist; sourceTree = "<group>"; };
		601E470E1BAE371600343404 /* ejemploConexionTests.m */ = {isa = PBXFileReference; lastKnownFileType = sourcecode.c.objc; path = ejemploConexionTests.m; sourceTree = "<group>"; };
/* End PBXFileReference section */

/* Begin PBXFrameworksBuildPhase section */
		601E46EC1BAE371600343404 /* Frameworks */ = {
			isa = PBXFrameworksBuildPhase;
			buildActionMask = 2147483647;
			files = (
			);
			runOnlyForDeploymentPostprocessing = 0;
		};
		601E47051BAE371600343404 /* Frameworks */ = {
			isa = PBXFrameworksBuildPhase;
			buildActionMask = 2147483647;
			files = (
			);
			runOnlyForDeploymentPostprocessing = 0;
		};
/* End PBXFrameworksBuildPhase section */

/* Begin PBXGroup section */
		601E46E61BAE371600343404 = {
			isa = PBXGroup;
			children = (
				601E46F11BAE371600343404 /* ejemploConexion */,
				601E470B1BAE371600343404 /* ejemploConexionTests */,
				601E46F01BAE371600343404 /* Products */,
			);
			sourceTree = "<group>";
		};
		601E46F01BAE371600343404 /* Products */ = {
			isa = PBXGroup;
			children = (
				601E46EF1BAE371600343404 /* ejemploConexion.app */,
				601E47081BAE371600343404 /* ejemploConexionTests.xctest */,
			);
			name = Products;
			sourceTree = "<group>";
		};
		601E46F11BAE371600343404 /* ejemploConexion */ = {
			isa = PBXGroup;
			children = (
				601E46F61BAE371600343404 /* AppDelegate.h */,
				601E46F71BAE371600343404 /* AppDelegate.m */,
				601E46F91BAE371600343404 /* ViewController.h */,
				601E46FA1BAE371600343404 /* ViewController.m */,
				601E46FC1BAE371600343404 /* Main.storyboard */,
				601E46FF1BAE371600343404 /* Images.xcassets */,
				601E47011BAE371600343404 /* LaunchScreen.xib */,
				601E46F21BAE371600343404 /* Supporting Files */,
			);
			path = ejemploConexion;
			sourceTree = "<group>";
		};
		601E46F21BAE371600343404 /* Supporting Files */ = {
			isa = PBXGroup;
			children = (
				601E46F31BAE371600343404 /* Info.plist */,
				601E46F41BAE371600343404 /* main.m */,
			);
			name = "Supporting Files";
			sourceTree = "<group>";
		};
		601E470B1BAE371600343404 /* ejemploConexionTests */ = {
			isa = PBXGroup;
			children = (
				601E470E1BAE371600343404 /* ejemploConexionTests.m */,
				601E470C1BAE371600343404 /* Supporting Files */,
			);
			path = ejemploConexionTests;
			sourceTree = "<group>";
		};
		601E470C1BAE371600343404 /* Supporting Files */ = {
			isa = PBXGroup;
			children = (
				601E470D1BAE371600343404 /* Info.plist */,
			);
			name = "Supporting Files";
			sourceTree = "<group>";
		};
/* End PBXGroup section */

/* Begin PBXNativeTarget section */
		601E46EE1BAE371600343404 /* ejemploConexion */ = {
			isa = PBXNativeTarget;
			buildConfigurationList = 601E47121BAE371600343404 /* Build configuration list for PBXNativeTarget "ejemploConexion" */;
			buildPhases = (
				601E46EB1BAE371600343404 /* Sources */,
				601E46EC1BAE371600343404 /* Frameworks */,
				601E46ED1BAE371600343404 /* Resources */,
			);
			buildRules = (
			);
			dependencies = (
			);
			name = ejemploConexion;
			productName = ejemploConexion;
			productReference = 601E46EF1BAE371600343404 /* ejemploConexion.app */;
			productType = "com.apple.product-type.application";
		};
		601E47071BAE371600343404 /* ejemploConexionTests */ = {
			isa = PBXNativeTarget;
			buildConfigurationList = 601E47151BAE371600343404 /* Build configuration list for PBXNativeTarget "ejemploConexionTests" */;
			buildPhases = (
				601E47041BAE371600343404 /* Sources */,
				601E47051BAE371600343404 /* Frameworks */,
				601E47061BAE371600343404 /* Resources */,
			);
			buildRules = (
			);
			dependencies = (
				601E470A1BAE371600343404 /* PBXTargetDependency */,
			);
			name = ejemploConexionTests;
			productName = ejemploConexionTests;
			productReference = 601E47081BAE371600343404 /* ejemploConexionTests.xctest */;
			productType = "com.apple.product-type.bundle.unit-test";
		};
/* End PBXNativeTarget section */

/* Begin PBXProject section */
		601E46E71BAE371600343404 /* Project object */ = {
			isa = PBXProject;
			attributes = {
				LastUpgradeCheck = 0640;
				ORGANIZATIONNAME = KAI;
				TargetAttributes = {
					601E46EE1BAE371600343404 = {
						CreatedOnToolsVersion = 6.4;
					};
					601E47071BAE371600343404 = {
						CreatedOnToolsVersion = 6.4;
						TestTargetID = 601E46EE1BAE371600343404;
					};
				};
			};
			buildConfigurationList = 601E46EA1BAE371600343404 /* Build configuration list for PBXProject "ejemploConexion" */;
			compatibilityVersion = "Xcode 3.2";
			developmentRegion = English;
			hasScannedForEncodings = 0;
			knownRegions = (
				en,
				Base,
			);
			mainGroup = 601E46E61BAE371600343404;
			productRefGroup = 601E46F01BAE371600343404 /* Products */;
			projectDirPath = "";
			projectRoot = "";
			targets = (
				601E46EE1BAE371600343404 /* ejemploConexion */,
				601E47071BAE371600343404 /* ejemploConexionTests */,
			);
		};
/* End PBXProject section */

/* Begin PBXResourcesBuildPhase section */
		601E46ED1BAE371600343404 /* Resources */ = {
			isa = PBXResourcesBuildPhase;
			buildActionMask = 2147483647;
			files = (
				601E46FE1BAE371600343404 /* Main.storyboard in Resources */,
				601E47031BAE371600343404 /* LaunchScreen.xib in Resources */,
				601E47001BAE371600343404 /* Images.xcassets in Resources */,
			);
			runOnlyForDeploymentPostprocessing = 0;
		};
		601E47061BAE371600343404 /* Resources */ = {
			isa = PBXResourcesBuildPhase;
			buildActionMask = 2147483647;
			files = (
			);
			runOnlyForDeploymentPostprocessing = 0;
		};
/* End PBXResourcesBuildPhase section */

/* Begin PBXSourcesBuildPhase section */
		601E46EB1BAE371600343404 /* Sources */ = {
			isa = PBXSourcesBuildPhase;
			buildActionMask = 2147483647;
			files = (
				601E46FB1BAE371600343404 /* ViewController.m in Sources */,
				601E46F81BAE371600343404 /* AppDelegate.m in Sources */,
				601E46F51BAE371600343404 /* main.m in Sources */,
			);
			runOnlyForDeploymentPostprocessing = 0;
		};
		601E47041BAE371600343404 /* Sources */ = {
			isa = PBXSourcesBuildPhase;
			buildActionMask = 2147483647;
			files = (
				601E470F1BAE371600343404 /* ejemploConexionTests.m in Sources */,
			);
			runOnlyForDeploymentPostprocessing = 0;
		};
/* End PBXSourcesBuildPhase section */

/* Begin PBXTargetDependency section */
		601E470A1BAE371600343404 /* PBXTargetDependency */ = {
			isa = PBXTargetDependency;
			target = 601E46EE1BAE371600343404 /* ejemploConexion */;
			targetProxy = 601E47091BAE371600343404 /* PBXContainerItemProxy */;
		};
/* End PBXTargetDependency section */

/* Begin PBXVariantGroup section */
		601E46FC1BAE371600343404 /* Main.storyboard */ = {
			isa = PBXVariantGroup;
			children = (
				601E46FD1BAE371600343404 /* Base */,
			);
			name = Main.storyboard;
			sourceTree = "<group>";
		};
		601E47011BAE371600343404 /* LaunchScreen.xib */ = {
			isa = PBXVariantGroup;
			children = (
				601E47021BAE371600343404 /* Base */,
			);
			name = LaunchScreen.xib;
			sourceTree = "<group>";
		};
/* End PBXVariantGroup section */

/* Begin XCBuildConfiguration section */
		601E47101BAE371600343404 /* Debug */ = {
			isa = XCBuildConfiguration;
			buildSettings = {
				ALWAYS_SEARCH_USER_PATHS = NO;
				CLANG_CXX_LANGUAGE_STANDARD = "gnu++0x";
				CLANG_CXX_LIBRARY = "libc++";
				CLANG_ENABLE_MODULES = YES;
				CLANG_ENABLE_OBJC_ARC = YES;
				CLANG_WARN_BOOL_CONVERSION = YES;
				CLANG_WARN_CONSTANT_CONVERSION = YES;
				CLANG_WARN_DIRECT_OBJC_ISA_USAGE = YES_ERROR;
				CLANG_WARN_EMPTY_BODY = YES;
				CLANG_WARN_ENUM_CONVERSION = YES;
				CLANG_WARN_INT_CONVERSION = YES;
				CLANG_WARN_OBJC_ROOT_CLASS = YES_ERROR;
				CLANG_WARN_UNREACHABLE_CODE = YES;
				CLANG_WARN__DUPLICATE_METHOD_MATCH = YES;
				"CODE_SIGN_IDENTITY[sdk=iphoneos*]" = "iPhone Developer";
				COPY_PHASE_STRIP = NO;
				DEBUG_INFORMATION_FORMAT = "dwarf-with-dsym";
				ENABLE_STRICT_OBJC_MSGSEND = YES;
				GCC_C_LANGUAGE_STANDARD = gnu99;
				GCC_DYNAMIC_NO_PIC = NO;
				GCC_NO_COMMON_BLOCKS = YES;
				GCC_OPTIMIZATION_LEVEL = 0;
				GCC_PREPROCESSOR_DEFINITIONS = (
					"DEBUG=1",
					"$(inherited)",
				);
				GCC_SYMBOLS_PRIVATE_EXTERN = NO;
				GCC_WARN_64_TO_32_BIT_CONVERSION = YES;
				GCC_WARN_ABOUT_RETURN_TYPE = YES_ERROR;
				GCC_WARN_UNDECLARED_SELECTOR = YES;
				GCC_WARN_UNINITIALIZED_AUTOS = YES_AGGRESSIVE;
				GCC_WARN_UNUSED_FUNCTION = YES;
				GCC_WARN_UNUSED_VARIABLE = YES;
				IPHONEOS_DEPLOYMENT_TARGET = 8.4;
				MTL_ENABLE_DEBUG_INFO = YES;
				ONLY_ACTIVE_ARCH = YES;
				SDKROOT = iphoneos;
			};
			name = Debug;
		};
		601E47111BAE371600343404 /* Release */ = {
			isa = XCBuildConfiguration;
			buildSettings = {
				ALWAYS_SEARCH_USER_PATHS = NO;
				CLANG_CXX_LANGUAGE_STANDARD = "gnu++0x";
				CLANG_CXX_LIBRARY = "libc++";
				CLANG_ENABLE_MODULES = YES;
				CLANG_ENABLE_OBJC_ARC = YES;
				CLANG_WARN_BOOL_CONVERSION = YES;
				CLANG_WARN_CONSTANT_CONVERSION = YES;
				CLANG_WARN_DIRECT_OBJC_ISA_USAGE = YES_ERROR;
				CLANG_WARN_EMPTY_BODY = YES;
				CLANG_WARN_ENUM_CONVERSION = YES;
				CLANG_WARN_INT_CONVERSION = YES;
				CLANG_WARN_OBJC_ROOT_CLASS = YES_ERROR;
				CLANG_WARN_UNREACHABLE_CODE = YES;
				CLANG_WARN__DUPLICATE_METHOD_MATCH = YES;
				"CODE_SIGN_IDENTITY[sdk=iphoneos*]" = "iPhone Developer";
				COPY_PHASE_STRIP = NO;
				DEBUG_INFORMATION_FORMAT = "dwarf-with-dsym";
				ENABLE_NS_ASSERTIONS = NO;
				ENABLE_STRICT_OBJC_MSGSEND = YES;
				GCC_C_LANGUAGE_STANDARD = gnu99;
				GCC_NO_COMMON_BLOCKS = YES;
				GCC_WARN_64_TO_32_BIT_CONVERSION = YES;
				GCC_WARN_ABOUT_RETURN_TYPE = YES_ERROR;
				GCC_WARN_UNDECLARED_SELECTOR = YES;
				GCC_WARN_UNINITIALIZED_AUTOS = YES_AGGRESSIVE;
				GCC_WARN_UNUSED_FUNCTION = YES;
				GCC_WARN_UNUSED_VARIABLE = YES;
				IPHONEOS_DEPLOYMENT_TARGET = 8.4;
				MTL_ENABLE_DEBUG_INFO = NO;
				SDKROOT = iphoneos;
				VALIDATE_PRODUCT = YES;
			};
			name = Release;
		};
		601E47131BAE371600343404 /* Debug */ = {
			isa = XCBuildConfiguration;
			buildSettings = {
				ASSETCATALOG_COMPILER_APPICON_NAME = AppIcon;
				INFOPLIST_FILE = ejemploConexion/Info.plist;
				LD_RUNPATH_SEARCH_PATHS = "$(inherited) @executable_path/Frameworks";
				PRODUCT_NAME = "$(TARGET_NAME)";
			};
			name = Debug;
		};
		601E47141BAE371600343404 /* Release */ = {
			isa = XCBuildConfiguration;
			buildSettings = {
				ASSETCATALOG_COMPILER_APPICON_NAME = AppIcon;
				INFOPLIST_FILE = ejemploConexion/Info.plist;
				LD_RUNPATH_SEARCH_PATHS = "$(inherited) @executable_path/Frameworks";
				PRODUCT_NAME = "$(TARGET_NAME)";
			};
			name = Release;
		};
		601E47161BAE371600343404 /* Debug */ = {
			isa = XCBuildConfiguration;
			buildSettings = {
				BUNDLE_LOADER = "$(TEST_HOST)";
				FRAMEWORK_SEARCH_PATHS = (
					"$(SDKROOT)/Developer/Library/Frameworks",
					"$(inherited)",
				);
				GCC_PREPROCESSOR_DEFINITIONS = (
					"DEBUG=1",
					"$(inherited)",
				);
				INFOPLIST_FILE = ejemploConexionTests/Info.plist;
				LD_RUNPATH_SEARCH_PATHS = "$(inherited) @executable_path/Frameworks @loader_path/Frameworks";
				PRODUCT_NAME = "$(TARGET_NAME)";
				TEST_HOST = "$(BUILT_PRODUCTS_DIR)/ejemploConexion.app/ejemploConexion";
			};
			name = Debug;
		};
		601E47171BAE371600343404 /* Release */ = {
			isa = XCBuildConfiguration;
			buildSettings = {
				BUNDLE_LOADER = "$(TEST_HOST)";
				FRAMEWORK_SEARCH_PATHS = (
					"$(SDKROOT)/Developer/Library/Frameworks",
					"$(inherited)",
				);
				INFOPLIST_FILE = ejemploConexionTests/Info.plist;
				LD_RUNPATH_SEARCH_PATHS = "$(inherited) @executable_path/Frameworks @loader_path/Frameworks";
				PRODUCT_NAME = "$(TARGET_NAME)";
				TEST_HOST = "$(BUILT_PRODUCTS_DIR)/ejemploConexion.app/ejemploConexion";
			};
			name = Release;
		};
/* End XCBuildConfiguration section */

/* Begin XCConfigurationList section */
		601E46EA1BAE371600343404 /* Build configuration list for PBXProject "ejemploConexion" */ = {
			isa = XCConfigurationList;
			buildConfigurations = (
				601E47101BAE371600343404 /* Debug */,
				601E47111BAE371600343404 /* Release */,
			);
			defaultConfigurationIsVisible = 0;
			defaultConfigurationName = Release;
		};
		601E47121BAE371600343404 /* Build configuration list for PBXNativeTarget "ejemploConexion" */ = {
			isa = XCConfigurationList;
			buildConfigurations = (
				601E47131BAE371600343404 /* Debug */,
				601E47141BAE371600343404 /* Release */,
			);
			defaultConfigurationIsVisible = 0;
		};
		601E47151BAE371600343404 /* Build configuration list for PBXNativeTarget "ejemploConexionTests" */ = {
			isa = XCConfigurationList;
			buildConfigurations = (
				601E47161BAE371600343404 /* Debug */,
				601E47171BAE371600343404 /* Release */,
			);
			defaultConfigurationIsVisible = 0;
		};
/* End XCConfigurationList section */
	};
	rootObject = 601E46E71BAE371600343404 /* Project object */;
}
